// !$*UTF8*$!
{
	archiveVersion = 1;
	classes = {
	};
	objectVersion = 56;
	objects = {

/* Begin PBXBuildFile section */
		3F0554332B9F949400E8A1D1 /* RealmEncryptionFailureTestApp.swift in Sources */ = {isa = PBXBuildFile; fileRef = 3F0554322B9F949400E8A1D1 /* RealmEncryptionFailureTestApp.swift */; };
		3F0554352B9F949400E8A1D1 /* ContentView.swift in Sources */ = {isa = PBXBuildFile; fileRef = 3F0554342B9F949400E8A1D1 /* ContentView.swift */; };
		3F0554372B9F949B00E8A1D1 /* Assets.xcassets in Resources */ = {isa = PBXBuildFile; fileRef = 3F0554362B9F949B00E8A1D1 /* Assets.xcassets */; };
		3F05543A2B9F949B00E8A1D1 /* Preview Assets.xcassets in Resources */ = {isa = PBXBuildFile; fileRef = 3F0554392B9F949B00E8A1D1 /* Preview Assets.xcassets */; };
		3F05545E2B9F95AA00E8A1D1 /* Realm in Frameworks */ = {isa = PBXBuildFile; productRef = 3F05545D2B9F95AA00E8A1D1 /* Realm */; };
		3F0554602B9F95AA00E8A1D1 /* RealmSwift in Frameworks */ = {isa = PBXBuildFile; productRef = 3F05545F2B9F95AA00E8A1D1 /* RealmSwift */; };
		3F0554622B9F95C500E8A1D1 /* Models.swift in Sources */ = {isa = PBXBuildFile; fileRef = 3F0554612B9F95C500E8A1D1 /* Models.swift */; };
		3F0554642B9F994300E8A1D1 /* StressTester.swift in Sources */ = {isa = PBXBuildFile; fileRef = 3F0554632B9F994300E8A1D1 /* StressTester.swift */; };
		3F0554662BA08C2D00E8A1D1 /* Actions.swift in Sources */ = {isa = PBXBuildFile; fileRef = 3F0554652BA08C2D00E8A1D1 /* Actions.swift */; };
/* End PBXBuildFile section */

/* Begin PBXFileReference section */
		3F05542F2B9F949400E8A1D1 /* RealmEncryptionFailureTest.app */ = {isa = PBXFileReference; explicitFileType = wrapper.application; includeInIndex = 0; path = RealmEncryptionFailureTest.app; sourceTree = BUILT_PRODUCTS_DIR; };
		3F0554322B9F949400E8A1D1 /* RealmEncryptionFailureTestApp.swift */ = {isa = PBXFileReference; lastKnownFileType = sourcecode.swift; path = RealmEncryptionFailureTestApp.swift; sourceTree = "<group>"; };
		3F0554342B9F949400E8A1D1 /* ContentView.swift */ = {isa = PBXFileReference; lastKnownFileType = sourcecode.swift; path = ContentView.swift; sourceTree = "<group>"; };
		3F0554362B9F949B00E8A1D1 /* Assets.xcassets */ = {isa = PBXFileReference; lastKnownFileType = folder.assetcatalog; path = Assets.xcassets; sourceTree = "<group>"; };
		3F0554392B9F949B00E8A1D1 /* Preview Assets.xcassets */ = {isa = PBXFileReference; lastKnownFileType = folder.assetcatalog; path = "Preview Assets.xcassets"; sourceTree = "<group>"; };
		3F0554612B9F95C500E8A1D1 /* Models.swift */ = {isa = PBXFileReference; lastKnownFileType = sourcecode.swift; path = Models.swift; sourceTree = "<group>"; };
		3F0554632B9F994300E8A1D1 /* StressTester.swift */ = {isa = PBXFileReference; lastKnownFileType = sourcecode.swift; path = StressTester.swift; sourceTree = "<group>"; };
		3F0554652BA08C2D00E8A1D1 /* Actions.swift */ = {isa = PBXFileReference; lastKnownFileType = sourcecode.swift; path = Actions.swift; sourceTree = "<group>"; };
		3F1E0E7D2BA1E6800008CA22 /* README.md */ = {isa = PBXFileReference; lastKnownFileType = net.daringfireball.markdown; path = README.md; sourceTree = "<group>"; };
/* End PBXFileReference section */

/* Begin PBXFrameworksBuildPhase section */
		3F05542C2B9F949400E8A1D1 /* Frameworks */ = {
			isa = PBXFrameworksBuildPhase;
			buildActionMask = 2147483647;
			files = (
				3F0554602B9F95AA00E8A1D1 /* RealmSwift in Frameworks */,
				3F05545E2B9F95AA00E8A1D1 /* Realm in Frameworks */,
			);
			runOnlyForDeploymentPostprocessing = 0;
		};
/* End PBXFrameworksBuildPhase section */

/* Begin PBXGroup section */
		3F0554262B9F949400E8A1D1 = {
			isa = PBXGroup;
			children = (
				3F1E0E7D2BA1E6800008CA22 /* README.md */,
				3F0554312B9F949400E8A1D1 /* RealmEncryptionFailureTest */,
				3F0554302B9F949400E8A1D1 /* Products */,
			);
			sourceTree = "<group>";
		};
		3F0554302B9F949400E8A1D1 /* Products */ = {
			isa = PBXGroup;
			children = (
				3F05542F2B9F949400E8A1D1 /* RealmEncryptionFailureTest.app */,
			);
			name = Products;
			sourceTree = "<group>";
		};
		3F0554312B9F949400E8A1D1 /* RealmEncryptionFailureTest */ = {
			isa = PBXGroup;
			children = (
				3F0554322B9F949400E8A1D1 /* RealmEncryptionFailureTestApp.swift */,
				3F0554342B9F949400E8A1D1 /* ContentView.swift */,
				3F0554362B9F949B00E8A1D1 /* Assets.xcassets */,
				3F0554382B9F949B00E8A1D1 /* Preview Content */,
				3F0554612B9F95C500E8A1D1 /* Models.swift */,
				3F0554632B9F994300E8A1D1 /* StressTester.swift */,
				3F0554652BA08C2D00E8A1D1 /* Actions.swift */,
			);
			path = RealmEncryptionFailureTest;
			sourceTree = "<group>";
		};
		3F0554382B9F949B00E8A1D1 /* Preview Content */ = {
			isa = PBXGroup;
			children = (
				3F0554392B9F949B00E8A1D1 /* Preview Assets.xcassets */,
			);
			path = "Preview Content";
			sourceTree = "<group>";
		};
/* End PBXGroup section */

/* Begin PBXNativeTarget section */
		3F05542E2B9F949400E8A1D1 /* RealmEncryptionFailureTest */ = {
			isa = PBXNativeTarget;
			buildConfigurationList = 3F0554532B9F949B00E8A1D1 /* Build configuration list for PBXNativeTarget "RealmEncryptionFailureTest" */;
			buildPhases = (
				3F05542B2B9F949400E8A1D1 /* Sources */,
				3F05542C2B9F949400E8A1D1 /* Frameworks */,
				3F05542D2B9F949400E8A1D1 /* Resources */,
			);
			buildRules = (
			);
			dependencies = (
			);
			name = RealmEncryptionFailureTest;
			packageProductDependencies = (
				3F05545D2B9F95AA00E8A1D1 /* Realm */,
				3F05545F2B9F95AA00E8A1D1 /* RealmSwift */,
			);
			productName = RealmEncryptionFailureTest;
			productReference = 3F05542F2B9F949400E8A1D1 /* RealmEncryptionFailureTest.app */;
			productType = "com.apple.product-type.application";
		};
/* End PBXNativeTarget section */

/* Begin PBXProject section */
		3F0554272B9F949400E8A1D1 /* Project object */ = {
			isa = PBXProject;
			attributes = {
				BuildIndependentTargetsInParallel = 1;
				LastSwiftUpdateCheck = 1530;
				LastUpgradeCheck = 1530;
				TargetAttributes = {
					3F05542E2B9F949400E8A1D1 = {
						CreatedOnToolsVersion = 15.3;
					};
				};
			};
			buildConfigurationList = 3F05542A2B9F949400E8A1D1 /* Build configuration list for PBXProject "RealmEncryptionFailureTest" */;
			compatibilityVersion = "Xcode 14.0";
			developmentRegion = en;
			hasScannedForEncodings = 0;
			knownRegions = (
				en,
				Base,
			);
			mainGroup = 3F0554262B9F949400E8A1D1;
			packageReferences = (
				3F05545C2B9F95AA00E8A1D1 /* XCRemoteSwiftPackageReference "realm-swift" */,
			);
			productRefGroup = 3F0554302B9F949400E8A1D1 /* Products */;
			projectDirPath = "";
			projectRoot = "";
			targets = (
				3F05542E2B9F949400E8A1D1 /* RealmEncryptionFailureTest */,
			);
		};
/* End PBXProject section */

/* Begin PBXResourcesBuildPhase section */
		3F05542D2B9F949400E8A1D1 /* Resources */ = {
			isa = PBXResourcesBuildPhase;
			buildActionMask = 2147483647;
			files = (
				3F05543A2B9F949B00E8A1D1 /* Preview Assets.xcassets in Resources */,
				3F0554372B9F949B00E8A1D1 /* Assets.xcassets in Resources */,
			);
			runOnlyForDeploymentPostprocessing = 0;
		};
/* End PBXResourcesBuildPhase section */

/* Begin PBXSourcesBuildPhase section */
		3F05542B2B9F949400E8A1D1 /* Sources */ = {
			isa = PBXSourcesBuildPhase;
			buildActionMask = 2147483647;
			files = (
				3F0554662BA08C2D00E8A1D1 /* Actions.swift in Sources */,
				3F0554642B9F994300E8A1D1 /* StressTester.swift in Sources */,
				3F0554622B9F95C500E8A1D1 /* Models.swift in Sources */,
				3F0554352B9F949400E8A1D1 /* ContentView.swift in Sources */,
				3F0554332B9F949400E8A1D1 /* RealmEncryptionFailureTestApp.swift in Sources */,
			);
			runOnlyForDeploymentPostprocessing = 0;
		};
/* End PBXSourcesBuildPhase section */

/* Begin XCBuildConfiguration section */
		3F0554512B9F949B00E8A1D1 /* Debug */ = {
			isa = XCBuildConfiguration;
			buildSettings = {
				ALWAYS_SEARCH_USER_PATHS = NO;
				ASSETCATALOG_COMPILER_GENERATE_SWIFT_ASSET_SYMBOL_EXTENSIONS = YES;
				CLANG_ANALYZER_NONNULL = YES;
				CLANG_ANALYZER_NUMBER_OBJECT_CONVERSION = YES_AGGRESSIVE;
				CLANG_CXX_LANGUAGE_STANDARD = "gnu++20";
				CLANG_ENABLE_MODULES = YES;
				CLANG_ENABLE_OBJC_ARC = YES;
				CLANG_ENABLE_OBJC_WEAK = YES;
				CLANG_WARN_BLOCK_CAPTURE_AUTORELEASING = YES;
				CLANG_WARN_BOOL_CONVERSION = YES;
				CLANG_WARN_COMMA = YES;
				CLANG_WARN_CONSTANT_CONVERSION = YES;
				CLANG_WARN_DEPRECATED_OBJC_IMPLEMENTATIONS = YES;
				CLANG_WARN_DIRECT_OBJC_ISA_USAGE = YES_ERROR;
				CLANG_WARN_DOCUMENTATION_COMMENTS = YES;
				CLANG_WARN_EMPTY_BODY = YES;
				CLANG_WARN_ENUM_CONVERSION = YES;
				CLANG_WARN_INFINITE_RECURSION = YES;
				CLANG_WARN_INT_CONVERSION = YES;
				CLANG_WARN_NON_LITERAL_NULL_CONVERSION = YES;
				CLANG_WARN_OBJC_IMPLICIT_RETAIN_SELF = YES;
				CLANG_WARN_OBJC_LITERAL_CONVERSION = YES;
				CLANG_WARN_OBJC_ROOT_CLASS = YES_ERROR;
				CLANG_WARN_QUOTED_INCLUDE_IN_FRAMEWORK_HEADER = YES;
				CLANG_WARN_RANGE_LOOP_ANALYSIS = YES;
				CLANG_WARN_STRICT_PROTOTYPES = YES;
				CLANG_WARN_SUSPICIOUS_MOVE = YES;
				CLANG_WARN_UNGUARDED_AVAILABILITY = YES_AGGRESSIVE;
				CLANG_WARN_UNREACHABLE_CODE = YES;
				CLANG_WARN__DUPLICATE_METHOD_MATCH = YES;
				COPY_PHASE_STRIP = NO;
				DEBUG_INFORMATION_FORMAT = dwarf;
				ENABLE_STRICT_OBJC_MSGSEND = YES;
				ENABLE_TESTABILITY = YES;
				ENABLE_USER_SCRIPT_SANDBOXING = YES;
				GCC_C_LANGUAGE_STANDARD = gnu17;
				GCC_DYNAMIC_NO_PIC = NO;
				GCC_NO_COMMON_BLOCKS = YES;
				GCC_OPTIMIZATION_LEVEL = 0;
				GCC_PREPROCESSOR_DEFINITIONS = (
					"DEBUG=1",
					"$(inherited)",
				);
				GCC_WARN_64_TO_32_BIT_CONVERSION = YES;
				GCC_WARN_ABOUT_RETURN_TYPE = YES_ERROR;
				GCC_WARN_UNDECLARED_SELECTOR = YES;
				GCC_WARN_UNINITIALIZED_AUTOS = YES_AGGRESSIVE;
				GCC_WARN_UNUSED_FUNCTION = YES;
				GCC_WARN_UNUSED_VARIABLE = YES;
				IPHONEOS_DEPLOYMENT_TARGET = 16.0;
				LOCALIZATION_PREFERS_STRING_CATALOGS = YES;
				MTL_ENABLE_DEBUG_INFO = INCLUDE_SOURCE;
				MTL_FAST_MATH = YES;
				ONLY_ACTIVE_ARCH = YES;
				SDKROOT = iphoneos;
				SWIFT_ACTIVE_COMPILATION_CONDITIONS = "DEBUG $(inherited)";
				SWIFT_OPTIMIZATION_LEVEL = "-Onone";
			};
			name = Debug;
		};
		3F0554522B9F949B00E8A1D1 /* Release */ = {
			isa = XCBuildConfiguration;
			buildSettings = {
				ALWAYS_SEARCH_USER_PATHS = NO;
				ASSETCATALOG_COMPILER_GENERATE_SWIFT_ASSET_SYMBOL_EXTENSIONS = YES;
				CLANG_ANALYZER_NONNULL = YES;
				CLANG_ANALYZER_NUMBER_OBJECT_CONVERSION = YES_AGGRESSIVE;
				CLANG_CXX_LANGUAGE_STANDARD = "gnu++20";
				CLANG_ENABLE_MODULES = YES;
				CLANG_ENABLE_OBJC_ARC = YES;
				CLANG_ENABLE_OBJC_WEAK = YES;
				CLANG_WARN_BLOCK_CAPTURE_AUTORELEASING = YES;
				CLANG_WARN_BOOL_CONVERSION = YES;
				CLANG_WARN_COMMA = YES;
				CLANG_WARN_CONSTANT_CONVERSION = YES;
				CLANG_WARN_DEPRECATED_OBJC_IMPLEMENTATIONS = YES;
				CLANG_WARN_DIRECT_OBJC_ISA_USAGE = YES_ERROR;
				CLANG_WARN_DOCUMENTATION_COMMENTS = YES;
				CLANG_WARN_EMPTY_BODY = YES;
				CLANG_WARN_ENUM_CONVERSION = YES;
				CLANG_WARN_INFINITE_RECURSION = YES;
				CLANG_WARN_INT_CONVERSION = YES;
				CLANG_WARN_NON_LITERAL_NULL_CONVERSION = YES;
				CLANG_WARN_OBJC_IMPLICIT_RETAIN_SELF = YES;
				CLANG_WARN_OBJC_LITERAL_CONVERSION = YES;
				CLANG_WARN_OBJC_ROOT_CLASS = YES_ERROR;
				CLANG_WARN_QUOTED_INCLUDE_IN_FRAMEWORK_HEADER = YES;
				CLANG_WARN_RANGE_LOOP_ANALYSIS = YES;
				CLANG_WARN_STRICT_PROTOTYPES = YES;
				CLANG_WARN_SUSPICIOUS_MOVE = YES;
				CLANG_WARN_UNGUARDED_AVAILABILITY = YES_AGGRESSIVE;
				CLANG_WARN_UNREACHABLE_CODE = YES;
				CLANG_WARN__DUPLICATE_METHOD_MATCH = YES;
				COPY_PHASE_STRIP = NO;
				DEBUG_INFORMATION_FORMAT = "dwarf-with-dsym";
				ENABLE_NS_ASSERTIONS = NO;
				ENABLE_STRICT_OBJC_MSGSEND = YES;
				ENABLE_USER_SCRIPT_SANDBOXING = YES;
				GCC_C_LANGUAGE_STANDARD = gnu17;
				GCC_NO_COMMON_BLOCKS = YES;
				GCC_WARN_64_TO_32_BIT_CONVERSION = YES;
				GCC_WARN_ABOUT_RETURN_TYPE = YES_ERROR;
				GCC_WARN_UNDECLARED_SELECTOR = YES;
				GCC_WARN_UNINITIALIZED_AUTOS = YES_AGGRESSIVE;
				GCC_WARN_UNUSED_FUNCTION = YES;
				GCC_WARN_UNUSED_VARIABLE = YES;
				IPHONEOS_DEPLOYMENT_TARGET = 16.0;
				LOCALIZATION_PREFERS_STRING_CATALOGS = YES;
				MTL_ENABLE_DEBUG_INFO = NO;
				MTL_FAST_MATH = YES;
				SDKROOT = iphoneos;
				SWIFT_COMPILATION_MODE = wholemodule;
				VALIDATE_PRODUCT = YES;
			};
			name = Release;
		};
		3F0554542B9F949B00E8A1D1 /* Debug */ = {
			isa = XCBuildConfiguration;
			buildSettings = {
				ASSETCATALOG_COMPILER_APPICON_NAME = AppIcon;
				ASSETCATALOG_COMPILER_GLOBAL_ACCENT_COLOR_NAME = AccentColor;
				CODE_SIGN_STYLE = Automatic;
				CURRENT_PROJECT_VERSION = 1;
				DEVELOPMENT_ASSET_PATHS = "\"RealmEncryptionFailureTest/Preview Content\"";
				DEVELOPMENT_TEAM = S25ZAR9MGW;
				ENABLE_PREVIEWS = YES;
				GENERATE_INFOPLIST_FILE = YES;
				INFOPLIST_KEY_UIApplicationSceneManifest_Generation = YES;
				INFOPLIST_KEY_UIApplicationSupportsIndirectInputEvents = YES;
				INFOPLIST_KEY_UILaunchScreen_Generation = YES;
				INFOPLIST_KEY_UISupportedInterfaceOrientations_iPad = "UIInterfaceOrientationPortrait UIInterfaceOrientationPortraitUpsideDown UIInterfaceOrientationLandscapeLeft UIInterfaceOrientationLandscapeRight";
				INFOPLIST_KEY_UISupportedInterfaceOrientations_iPhone = "UIInterfaceOrientationPortrait UIInterfaceOrientationLandscapeLeft UIInterfaceOrientationLandscapeRight";
				LD_RUNPATH_SEARCH_PATHS = (
					"$(inherited)",
					"@executable_path/Frameworks",
				);
				MARKETING_VERSION = 1.0;
				PRODUCT_BUNDLE_IDENTIFIER = md.shoebox.RealmEncryptionFailureTest;
				PRODUCT_NAME = "$(TARGET_NAME)";
				SWIFT_EMIT_LOC_STRINGS = YES;
				SWIFT_VERSION = 5.0;
				TARGETED_DEVICE_FAMILY = "1,2";
			};
			name = Debug;
		};
		3F0554552B9F949B00E8A1D1 /* Release */ = {
			isa = XCBuildConfiguration;
			buildSettings = {
				ASSETCATALOG_COMPILER_APPICON_NAME = AppIcon;
				ASSETCATALOG_COMPILER_GLOBAL_ACCENT_COLOR_NAME = AccentColor;
				CODE_SIGN_STYLE = Automatic;
				CURRENT_PROJECT_VERSION = 1;
				DEVELOPMENT_ASSET_PATHS = "\"RealmEncryptionFailureTest/Preview Content\"";
				DEVELOPMENT_TEAM = S25ZAR9MGW;
				ENABLE_PREVIEWS = YES;
				GENERATE_INFOPLIST_FILE = YES;
				INFOPLIST_KEY_UIApplicationSceneManifest_Generation = YES;
				INFOPLIST_KEY_UIApplicationSupportsIndirectInputEvents = YES;
				INFOPLIST_KEY_UILaunchScreen_Generation = YES;
				INFOPLIST_KEY_UISupportedInterfaceOrientations_iPad = "UIInterfaceOrientationPortrait UIInterfaceOrientationPortraitUpsideDown UIInterfaceOrientationLandscapeLeft UIInterfaceOrientationLandscapeRight";
				INFOPLIST_KEY_UISupportedInterfaceOrientations_iPhone = "UIInterfaceOrientationPortrait UIInterfaceOrientationLandscapeLeft UIInterfaceOrientationLandscapeRight";
				LD_RUNPATH_SEARCH_PATHS = (
					"$(inherited)",
					"@executable_path/Frameworks",
				);
				MARKETING_VERSION = 1.0;
				PRODUCT_BUNDLE_IDENTIFIER = md.shoebox.RealmEncryptionFailureTest;
				PRODUCT_NAME = "$(TARGET_NAME)";
				SWIFT_EMIT_LOC_STRINGS = YES;
				SWIFT_VERSION = 5.0;
				TARGETED_DEVICE_FAMILY = "1,2";
			};
			name = Release;
		};
/* End XCBuildConfiguration section */

/* Begin XCConfigurationList section */
		3F05542A2B9F949400E8A1D1 /* Build configuration list for PBXProject "RealmEncryptionFailureTest" */ = {
			isa = XCConfigurationList;
			buildConfigurations = (
				3F0554512B9F949B00E8A1D1 /* Debug */,
				3F0554522B9F949B00E8A1D1 /* Release */,
			);
			defaultConfigurationIsVisible = 0;
			defaultConfigurationName = Release;
		};
		3F0554532B9F949B00E8A1D1 /* Build configuration list for PBXNativeTarget "RealmEncryptionFailureTest" */ = {
			isa = XCConfigurationList;
			buildConfigurations = (
				3F0554542B9F949B00E8A1D1 /* Debug */,
				3F0554552B9F949B00E8A1D1 /* Release */,
			);
			defaultConfigurationIsVisible = 0;
			defaultConfigurationName = Release;
		};
/* End XCConfigurationList section */

/* Begin XCRemoteSwiftPackageReference section */
		3F05545C2B9F95AA00E8A1D1 /* XCRemoteSwiftPackageReference "realm-swift" */ = {
			isa = XCRemoteSwiftPackageReference;
			repositoryURL = "https://github.com/realm/realm-swift";
			requirement = {
				kind = exactVersion;
				version = 10.48.0;
			};
		};
/* End XCRemoteSwiftPackageReference section */

/* Begin XCSwiftPackageProductDependency section */
		3F05545D2B9F95AA00E8A1D1 /* Realm */ = {
			isa = XCSwiftPackageProductDependency;
			package = 3F05545C2B9F95AA00E8A1D1 /* XCRemoteSwiftPackageReference "realm-swift" */;
			productName = Realm;
		};
		3F05545F2B9F95AA00E8A1D1 /* RealmSwift */ = {
			isa = XCSwiftPackageProductDependency;
			package = 3F05545C2B9F95AA00E8A1D1 /* XCRemoteSwiftPackageReference "realm-swift" */;
			productName = RealmSwift;
		};
/* End XCSwiftPackageProductDependency section */
	};
	rootObject = 3F0554272B9F949400E8A1D1 /* Project object */;
}
